
Microsoft Visual Studio Solution File, Format Version 12.00
# Visual Studio 15
VisualStudioVersion = 15.0.27004.2010
MinimumVisualStudioVersion = 10.0.40219.1
Project("{9A19103F-16F7-4668-BE54-9A1E7A4F7556}") = "Develappers.BillomatNet", "Develappers.BillomatNet\Develappers.BillomatNet.csproj", "{A016C0C2-E31A-4DE1-B02D-9AE752FDFE54}"
EndProject
Project("{FAE04EC0-301F-11D3-BF4B-00C04F79EFBC}") = "Develappers.BillomatNet.Tests", "Develappers.BillomatNet.Tests\Develappers.BillomatNet.Tests.csproj", "{8E591B63-65FA-4684-BE25-3E2F9FE62802}"
EndProject
Global
	GlobalSection(SolutionConfigurationPlatforms) = preSolution
		Debug|Any CPU = Debug|Any CPU
		Release|Any CPU = Release|Any CPU
	EndGlobalSection
	GlobalSection(ProjectConfigurationPlatforms) = postSolution
		{A016C0C2-E31A-4DE1-B02D-9AE752FDFE54}.Debug|Any CPU.ActiveCfg = Debug|Any CPU
		{A016C0C2-E31A-4DE1-B02D-9AE752FDFE54}.Debug|Any CPU.Build.0 = Debug|Any CPU
		{A016C0C2-E31A-4DE1-B02D-9AE752FDFE54}.Release|Any CPU.ActiveCfg = Release|Any CPU
		{A016C0C2-E31A-4DE1-B02D-9AE752FDFE54}.Release|Any CPU.Build.0 = Release|Any CPU
		{8E591B63-65FA-4684-BE25-3E2F9FE62802}.Debug|Any CPU.ActiveCfg = Debug|Any CPU
		{8E591B63-65FA-4684-BE25-3E2F9FE62802}.Debug|Any CPU.Build.0 = Debug|Any CPU
		{8E591B63-65FA-4684-BE25-3E2F9FE62802}.Release|Any CPU.ActiveCfg = Release|Any CPU
		{8E591B63-65FA-4684-BE25-3E2F9FE62802}.Release|Any CPU.Build.0 = Release|Any CPU
	EndGlobalSection
	GlobalSection(SolutionProperties) = preSolution
		HideSolutionNode = FALSE
	EndGlobalSection
	GlobalSection(ExtensibilityGlobals) = postSolution
		SolutionGuid = {967DD6F1-C5B8-473D-9454-111BAD6B9242}
	EndGlobalSection
EndGlobal
