
Microsoft Visual Studio Solution File, Format Version 12.00
# Visual Studio Version 16
VisualStudioVersion = 16.0.30225.117
MinimumVisualStudioVersion = 10.0.40219.1
Project("{9A19103F-16F7-4668-BE54-9A1E7A4F7556}") = "Develappers.BillomatNet", "Develappers.BillomatNet\Develappers.BillomatNet.csproj", "{A016C0C2-E31A-4DE1-B02D-9AE752FDFE54}"
EndProject
Project("{9A19103F-16F7-4668-BE54-9A1E7A4F7556}") = "Develappers.BillomatNet.Tests", "Develappers.BillomatNet.Tests\Develappers.BillomatNet.Tests.csproj", "{8E591B63-65FA-4684-BE25-3E2F9FE62802}"
EndProject
Project("{2150E333-8FDC-42A3-9474-1A3956D46DE8}") = "Solution Items", "Solution Items", "{8A9B43E0-D631-4CB7-AF7F-B99BBDECC42F}"
	ProjectSection(SolutionItems) = preProject
		.editorconfig = .editorconfig
		CHANGELOG.md = CHANGELOG.md
	EndProjectSection
EndProject
Global
	GlobalSection(SolutionConfigurationPlatforms) = preSolution
		Debug|Any CPU = Debug|Any CPU
		Release|Any CPU = Release|Any CPU
	EndGlobalSection
	GlobalSection(ProjectConfigurationPlatforms) = postSolution
		{A016C0C2-E31A-4DE1-B02D-9AE752FDFE54}.Debug|Any CPU.ActiveCfg = Debug|Any CPU
		{A016C0C2-E31A-4DE1-B02D-9AE752FDFE54}.Debug|Any CPU.Build.0 = Debug|Any CPU
		{A016C0C2-E31A-4DE1-B02D-9AE752FDFE54}.Release|Any CPU.ActiveCfg = Release|Any CPU
		{A016C0C2-E31A-4DE1-B02D-9AE752FDFE54}.Release|Any CPU.Build.0 = Release|Any CPU
		{8E591B63-65FA-4684-BE25-3E2F9FE62802}.Debug|Any CPU.ActiveCfg = Debug|Any CPU
		{8E591B63-65FA-4684-BE25-3E2F9FE62802}.Debug|Any CPU.Build.0 = Debug|Any CPU
		{8E591B63-65FA-4684-BE25-3E2F9FE62802}.Release|Any CPU.ActiveCfg = Release|Any CPU
		{8E591B63-65FA-4684-BE25-3E2F9FE62802}.Release|Any CPU.Build.0 = Release|Any CPU
	EndGlobalSection
	GlobalSection(SolutionProperties) = preSolution
		HideSolutionNode = FALSE
	EndGlobalSection
	GlobalSection(ExtensibilityGlobals) = postSolution
		SolutionGuid = {967DD6F1-C5B8-473D-9454-111BAD6B9242}
	EndGlobalSection
EndGlobal
